
Microsoft Visual Studio Solution File, Format Version 12.00
# Visual Studio Version 17
VisualStudioVersion = 17.1.32228.430
MinimumVisualStudioVersion = 10.0.40219.1
Project("{2150E333-8FDC-42A3-9474-1A3956D46DE8}") = "Core", "Core", "{21CDAF9A-9545-425A-A434-6E60EAD127A1}"
EndProject
Project("{2150E333-8FDC-42A3-9474-1A3956D46DE8}") = "Infrastructure", "Infrastructure", "{22F869B4-7328-4E8E-BBD1-AA4E23F804FC}"
EndProject
Project("{2150E333-8FDC-42A3-9474-1A3956D46DE8}") = "Presentation", "Presentation", "{F6D493F6-E393-49E7-A2A8-244E772EFB1A}"
EndProject
Project("{FAE04EC0-301F-11D3-BF4B-00C04F79EFBC}") = "VisorRepo.Domain", "VisorRepo.Domain\VisorRepo.Domain.csproj", "{53C8E04A-AAF8-4223-AAD1-83D46245C0C6}"
EndProject
Project("{FAE04EC0-301F-11D3-BF4B-00C04F79EFBC}") = "VisorRepo.Application", "VisorRepo.Application\VisorRepo.Application.csproj", "{03CE6146-3556-4E67-9CFF-CADD07A52F3A}"
EndProject
Global
	GlobalSection(SolutionConfigurationPlatforms) = preSolution
		Debug|Any CPU = Debug|Any CPU
		Release|Any CPU = Release|Any CPU
	EndGlobalSection
	GlobalSection(ProjectConfigurationPlatforms) = postSolution
		{53C8E04A-AAF8-4223-AAD1-83D46245C0C6}.Debug|Any CPU.ActiveCfg = Debug|Any CPU
		{53C8E04A-AAF8-4223-AAD1-83D46245C0C6}.Debug|Any CPU.Build.0 = Debug|Any CPU
		{53C8E04A-AAF8-4223-AAD1-83D46245C0C6}.Release|Any CPU.ActiveCfg = Release|Any CPU
		{53C8E04A-AAF8-4223-AAD1-83D46245C0C6}.Release|Any CPU.Build.0 = Release|Any CPU
		{03CE6146-3556-4E67-9CFF-CADD07A52F3A}.Debug|Any CPU.ActiveCfg = Debug|Any CPU
		{03CE6146-3556-4E67-9CFF-CADD07A52F3A}.Debug|Any CPU.Build.0 = Debug|Any CPU
		{03CE6146-3556-4E67-9CFF-CADD07A52F3A}.Release|Any CPU.ActiveCfg = Release|Any CPU
		{03CE6146-3556-4E67-9CFF-CADD07A52F3A}.Release|Any CPU.Build.0 = Release|Any CPU
	EndGlobalSection
	GlobalSection(SolutionProperties) = preSolution
		HideSolutionNode = FALSE
	EndGlobalSection
	GlobalSection(NestedProjects) = preSolution
		{53C8E04A-AAF8-4223-AAD1-83D46245C0C6} = {21CDAF9A-9545-425A-A434-6E60EAD127A1}
		{03CE6146-3556-4E67-9CFF-CADD07A52F3A} = {21CDAF9A-9545-425A-A434-6E60EAD127A1}
	EndGlobalSection
	GlobalSection(ExtensibilityGlobals) = postSolution
		SolutionGuid = {D8BEFA37-8398-4562-BF57-42428C304964}
	EndGlobalSection
EndGlobal
