
Microsoft Visual Studio Solution File, Format Version 12.00
# Visual Studio Version 17
VisualStudioVersion = 17.1.32228.430
MinimumVisualStudioVersion = 10.0.40219.1
Project("{2150E333-8FDC-42A3-9474-1A3956D46DE8}") = "Core", "Core", "{21CDAF9A-9545-425A-A434-6E60EAD127A1}"
EndProject
Project("{2150E333-8FDC-42A3-9474-1A3956D46DE8}") = "Infrastructure", "Infrastructure", "{22F869B4-7328-4E8E-BBD1-AA4E23F804FC}"
EndProject
Project("{2150E333-8FDC-42A3-9474-1A3956D46DE8}") = "Presentation", "Presentation", "{F6D493F6-E393-49E7-A2A8-244E772EFB1A}"
EndProject
Project("{9A19103F-16F7-4668-BE54-9A1E7A4F7556}") = "VisorRepo.Domain", "VisorRepo.Domain\VisorRepo.Domain.csproj", "{53C8E04A-AAF8-4223-AAD1-83D46245C0C6}"
EndProject
Project("{9A19103F-16F7-4668-BE54-9A1E7A4F7556}") = "VisorRepo.Application", "VisorRepo.Application\VisorRepo.Application.csproj", "{03CE6146-3556-4E67-9CFF-CADD07A52F3A}"
EndProject
Project("{FAE04EC0-301F-11D3-BF4B-00C04F79EFBC}") = "VisorRepo.Persistance", "VisorRepo.Persistance\VisorRepo.Persistance.csproj", "{102C51C4-07B1-4ADC-904E-FA1FEC35249C}"
EndProject
Project("{FAE04EC0-301F-11D3-BF4B-00C04F79EFBC}") = "VisorRepo.WebApi", "VisorRepo.WebApi\VisorRepo.WebApi.csproj", "{F7E04F70-7A5A-4FEB-8248-77D60A0607F2}"
EndProject
Project("{2150E333-8FDC-42A3-9474-1A3956D46DE8}") = "Tests", "Tests", "{38E0EF77-E69B-4F28-9B14-DF8EF23255E3}"
EndProject
Project("{FAE04EC0-301F-11D3-BF4B-00C04F79EFBC}") = "VisorRepo.Test", "VisorRepo.Test\VisorRepo.Test.csproj", "{4A206E90-C1AD-4461-B603-090E66EF9F28}"
EndProject
Global
	GlobalSection(SolutionConfigurationPlatforms) = preSolution
		Debug|Any CPU = Debug|Any CPU
		Release|Any CPU = Release|Any CPU
	EndGlobalSection
	GlobalSection(ProjectConfigurationPlatforms) = postSolution
		{53C8E04A-AAF8-4223-AAD1-83D46245C0C6}.Debug|Any CPU.ActiveCfg = Debug|Any CPU
		{53C8E04A-AAF8-4223-AAD1-83D46245C0C6}.Debug|Any CPU.Build.0 = Debug|Any CPU
		{53C8E04A-AAF8-4223-AAD1-83D46245C0C6}.Release|Any CPU.ActiveCfg = Release|Any CPU
		{53C8E04A-AAF8-4223-AAD1-83D46245C0C6}.Release|Any CPU.Build.0 = Release|Any CPU
		{03CE6146-3556-4E67-9CFF-CADD07A52F3A}.Debug|Any CPU.ActiveCfg = Debug|Any CPU
		{03CE6146-3556-4E67-9CFF-CADD07A52F3A}.Debug|Any CPU.Build.0 = Debug|Any CPU
		{03CE6146-3556-4E67-9CFF-CADD07A52F3A}.Release|Any CPU.ActiveCfg = Release|Any CPU
		{03CE6146-3556-4E67-9CFF-CADD07A52F3A}.Release|Any CPU.Build.0 = Release|Any CPU
		{102C51C4-07B1-4ADC-904E-FA1FEC35249C}.Debug|Any CPU.ActiveCfg = Debug|Any CPU
		{102C51C4-07B1-4ADC-904E-FA1FEC35249C}.Debug|Any CPU.Build.0 = Debug|Any CPU
		{102C51C4-07B1-4ADC-904E-FA1FEC35249C}.Release|Any CPU.ActiveCfg = Release|Any CPU
		{102C51C4-07B1-4ADC-904E-FA1FEC35249C}.Release|Any CPU.Build.0 = Release|Any CPU
		{F7E04F70-7A5A-4FEB-8248-77D60A0607F2}.Debug|Any CPU.ActiveCfg = Debug|Any CPU
		{F7E04F70-7A5A-4FEB-8248-77D60A0607F2}.Debug|Any CPU.Build.0 = Debug|Any CPU
		{F7E04F70-7A5A-4FEB-8248-77D60A0607F2}.Release|Any CPU.ActiveCfg = Release|Any CPU
		{F7E04F70-7A5A-4FEB-8248-77D60A0607F2}.Release|Any CPU.Build.0 = Release|Any CPU
		{4A206E90-C1AD-4461-B603-090E66EF9F28}.Debug|Any CPU.ActiveCfg = Debug|Any CPU
		{4A206E90-C1AD-4461-B603-090E66EF9F28}.Debug|Any CPU.Build.0 = Debug|Any CPU
		{4A206E90-C1AD-4461-B603-090E66EF9F28}.Release|Any CPU.ActiveCfg = Release|Any CPU
		{4A206E90-C1AD-4461-B603-090E66EF9F28}.Release|Any CPU.Build.0 = Release|Any CPU
	EndGlobalSection
	GlobalSection(SolutionProperties) = preSolution
		HideSolutionNode = FALSE
	EndGlobalSection
	GlobalSection(NestedProjects) = preSolution
		{53C8E04A-AAF8-4223-AAD1-83D46245C0C6} = {21CDAF9A-9545-425A-A434-6E60EAD127A1}
		{03CE6146-3556-4E67-9CFF-CADD07A52F3A} = {21CDAF9A-9545-425A-A434-6E60EAD127A1}
		{102C51C4-07B1-4ADC-904E-FA1FEC35249C} = {22F869B4-7328-4E8E-BBD1-AA4E23F804FC}
		{F7E04F70-7A5A-4FEB-8248-77D60A0607F2} = {F6D493F6-E393-49E7-A2A8-244E772EFB1A}
		{4A206E90-C1AD-4461-B603-090E66EF9F28} = {38E0EF77-E69B-4F28-9B14-DF8EF23255E3}
	EndGlobalSection
	GlobalSection(ExtensibilityGlobals) = postSolution
		SolutionGuid = {D8BEFA37-8398-4562-BF57-42428C304964}
	EndGlobalSection
EndGlobal
